// !$*UTF8*$!
{
	archiveVersion = 1;
	classes = {
	};
	objectVersion = 56;
	objects = {

/* Begin PBXBuildFile section */
		D837E45A293FCF51007F38C3 /* ItemCollectionViewCell.swift in Sources */ = {isa = PBXBuildFile; fileRef = D837E458293FCF51007F38C3 /* ItemCollectionViewCell.swift */; };
		D837E45B293FCF51007F38C3 /* ItemCollectionViewCell.xib in Resources */ = {isa = PBXBuildFile; fileRef = D837E459293FCF51007F38C3 /* ItemCollectionViewCell.xib */; };
		D8486720293FE29D00F3D625 /* ImageViewController.swift in Sources */ = {isa = PBXBuildFile; fileRef = D848671F293FE29D00F3D625 /* ImageViewController.swift */; };
		E02CEBFC29266C4300F3EA92 /* AppDelegate.swift in Sources */ = {isa = PBXBuildFile; fileRef = E02CEBFB29266C4300F3EA92 /* AppDelegate.swift */; };
		E02CEBFE29266C4300F3EA92 /* SceneDelegate.swift in Sources */ = {isa = PBXBuildFile; fileRef = E02CEBFD29266C4300F3EA92 /* SceneDelegate.swift */; };
		E02CEC0029266C4300F3EA92 /* ViewController.swift in Sources */ = {isa = PBXBuildFile; fileRef = E02CEBFF29266C4300F3EA92 /* ViewController.swift */; };
		E02CEC0329266C4300F3EA92 /* Main.storyboard in Resources */ = {isa = PBXBuildFile; fileRef = E02CEC0129266C4300F3EA92 /* Main.storyboard */; };
		E02CEC0529266C4500F3EA92 /* Assets.xcassets in Resources */ = {isa = PBXBuildFile; fileRef = E02CEC0429266C4500F3EA92 /* Assets.xcassets */; };
		E02CEC0829266C4500F3EA92 /* LaunchScreen.storyboard in Resources */ = {isa = PBXBuildFile; fileRef = E02CEC0629266C4500F3EA92 /* LaunchScreen.storyboard */; };
		E02CEC102926839400F3EA92 /* FaceIDManager.swift in Sources */ = {isa = PBXBuildFile; fileRef = E02CEC0F2926839400F3EA92 /* FaceIDManager.swift */; };
		E02CEC12292689CB00F3EA92 /* UITextFieldExtensions.swift in Sources */ = {isa = PBXBuildFile; fileRef = E02CEC11292689CB00F3EA92 /* UITextFieldExtensions.swift */; };
/* End PBXBuildFile section */

/* Begin PBXFileReference section */
		D837E458293FCF51007F38C3 /* ItemCollectionViewCell.swift */ = {isa = PBXFileReference; lastKnownFileType = sourcecode.swift; path = ItemCollectionViewCell.swift; sourceTree = "<group>"; };
		D837E459293FCF51007F38C3 /* ItemCollectionViewCell.xib */ = {isa = PBXFileReference; lastKnownFileType = file.xib; path = ItemCollectionViewCell.xib; sourceTree = "<group>"; };
		D848671F293FE29D00F3D625 /* ImageViewController.swift */ = {isa = PBXFileReference; lastKnownFileType = sourcecode.swift; path = ImageViewController.swift; sourceTree = "<group>"; };
		E02CEBF829266C4300F3EA92 /* photoPicker.app */ = {isa = PBXFileReference; explicitFileType = wrapper.application; includeInIndex = 0; path = photoPicker.app; sourceTree = BUILT_PRODUCTS_DIR; };
		E02CEBFB29266C4300F3EA92 /* AppDelegate.swift */ = {isa = PBXFileReference; lastKnownFileType = sourcecode.swift; path = AppDelegate.swift; sourceTree = "<group>"; };
		E02CEBFD29266C4300F3EA92 /* SceneDelegate.swift */ = {isa = PBXFileReference; lastKnownFileType = sourcecode.swift; path = SceneDelegate.swift; sourceTree = "<group>"; };
		E02CEBFF29266C4300F3EA92 /* ViewController.swift */ = {isa = PBXFileReference; lastKnownFileType = sourcecode.swift; path = ViewController.swift; sourceTree = "<group>"; };
		E02CEC0229266C4300F3EA92 /* Base */ = {isa = PBXFileReference; lastKnownFileType = file.storyboard; name = Base; path = Base.lproj/Main.storyboard; sourceTree = "<group>"; };
		E02CEC0429266C4500F3EA92 /* Assets.xcassets */ = {isa = PBXFileReference; lastKnownFileType = folder.assetcatalog; path = Assets.xcassets; sourceTree = "<group>"; };
		E02CEC0729266C4500F3EA92 /* Base */ = {isa = PBXFileReference; lastKnownFileType = file.storyboard; name = Base; path = Base.lproj/LaunchScreen.storyboard; sourceTree = "<group>"; };
		E02CEC0929266C4500F3EA92 /* Info.plist */ = {isa = PBXFileReference; lastKnownFileType = text.plist.xml; path = Info.plist; sourceTree = "<group>"; };
		E02CEC0F2926839400F3EA92 /* FaceIDManager.swift */ = {isa = PBXFileReference; lastKnownFileType = sourcecode.swift; path = FaceIDManager.swift; sourceTree = "<group>"; };
		E02CEC11292689CB00F3EA92 /* UITextFieldExtensions.swift */ = {isa = PBXFileReference; lastKnownFileType = sourcecode.swift; path = UITextFieldExtensions.swift; sourceTree = "<group>"; };
/* End PBXFileReference section */

/* Begin PBXFrameworksBuildPhase section */
		E02CEBF529266C4300F3EA92 /* Frameworks */ = {
			isa = PBXFrameworksBuildPhase;
			buildActionMask = 2147483647;
			files = (
			);
			runOnlyForDeploymentPostprocessing = 0;
		};
/* End PBXFrameworksBuildPhase section */

/* Begin PBXGroup section */
		D837E453293FC0AB007F38C3 /* Views */ = {
			isa = PBXGroup;
			children = (
				D837E458293FCF51007F38C3 /* ItemCollectionViewCell.swift */,
				D837E459293FCF51007F38C3 /* ItemCollectionViewCell.xib */,
			);
			path = Views;
			sourceTree = "<group>";
		};
		E02CEBEF29266C4300F3EA92 = {
			isa = PBXGroup;
			children = (
				E02CEBFA29266C4300F3EA92 /* photoPicker */,
				E02CEBF929266C4300F3EA92 /* Products */,
			);
			sourceTree = "<group>";
		};
		E02CEBF929266C4300F3EA92 /* Products */ = {
			isa = PBXGroup;
			children = (
				E02CEBF829266C4300F3EA92 /* photoPicker.app */,
			);
			name = Products;
			sourceTree = "<group>";
		};
		E02CEBFA29266C4300F3EA92 /* photoPicker */ = {
			isa = PBXGroup;
			children = (
				D837E453293FC0AB007F38C3 /* Views */,
				E02CEBFB29266C4300F3EA92 /* AppDelegate.swift */,
				E02CEC0F2926839400F3EA92 /* FaceIDManager.swift */,
				E02CEC11292689CB00F3EA92 /* UITextFieldExtensions.swift */,
				E02CEBFD29266C4300F3EA92 /* SceneDelegate.swift */,
				E02CEBFF29266C4300F3EA92 /* ViewController.swift */,
				D848671F293FE29D00F3D625 /* ImageViewController.swift */,
				E02CEC0129266C4300F3EA92 /* Main.storyboard */,
				E02CEC0429266C4500F3EA92 /* Assets.xcassets */,
				E02CEC0629266C4500F3EA92 /* LaunchScreen.storyboard */,
				E02CEC0929266C4500F3EA92 /* Info.plist */,
			);
			path = photoPicker;
			sourceTree = "<group>";
		};
/* End PBXGroup section */

/* Begin PBXNativeTarget section */
		E02CEBF729266C4300F3EA92 /* photoPicker */ = {
			isa = PBXNativeTarget;
			buildConfigurationList = E02CEC0C29266C4500F3EA92 /* Build configuration list for PBXNativeTarget "photoPicker" */;
			buildPhases = (
				E02CEBF429266C4300F3EA92 /* Sources */,
				E02CEBF529266C4300F3EA92 /* Frameworks */,
				E02CEBF629266C4300F3EA92 /* Resources */,
			);
			buildRules = (
			);
			dependencies = (
			);
			name = photoPicker;
			productName = photoPicker;
			productReference = E02CEBF829266C4300F3EA92 /* photoPicker.app */;
			productType = "com.apple.product-type.application";
		};
/* End PBXNativeTarget section */

/* Begin PBXProject section */
		E02CEBF029266C4300F3EA92 /* Project object */ = {
			isa = PBXProject;
			attributes = {
				BuildIndependentTargetsInParallel = 1;
				LastSwiftUpdateCheck = 1410;
				LastUpgradeCheck = 1410;
				TargetAttributes = {
					E02CEBF729266C4300F3EA92 = {
						CreatedOnToolsVersion = 14.1;
					};
				};
			};
			buildConfigurationList = E02CEBF329266C4300F3EA92 /* Build configuration list for PBXProject "photoPicker" */;
			compatibilityVersion = "Xcode 14.0";
			developmentRegion = en;
			hasScannedForEncodings = 0;
			knownRegions = (
				en,
				Base,
			);
			mainGroup = E02CEBEF29266C4300F3EA92;
			productRefGroup = E02CEBF929266C4300F3EA92 /* Products */;
			projectDirPath = "";
			projectRoot = "";
			targets = (
				E02CEBF729266C4300F3EA92 /* photoPicker */,
			);
		};
/* End PBXProject section */

/* Begin PBXResourcesBuildPhase section */
		E02CEBF629266C4300F3EA92 /* Resources */ = {
			isa = PBXResourcesBuildPhase;
			buildActionMask = 2147483647;
			files = (
				E02CEC0829266C4500F3EA92 /* LaunchScreen.storyboard in Resources */,
				E02CEC0529266C4500F3EA92 /* Assets.xcassets in Resources */,
				D837E45B293FCF51007F38C3 /* ItemCollectionViewCell.xib in Resources */,
				E02CEC0329266C4300F3EA92 /* Main.storyboard in Resources */,
			);
			runOnlyForDeploymentPostprocessing = 0;
		};
/* End PBXResourcesBuildPhase section */

/* Begin PBXSourcesBuildPhase section */
		E02CEBF429266C4300F3EA92 /* Sources */ = {
			isa = PBXSourcesBuildPhase;
			buildActionMask = 2147483647;
			files = (
				E02CEC0029266C4300F3EA92 /* ViewController.swift in Sources */,
				E02CEC102926839400F3EA92 /* FaceIDManager.swift in Sources */,
				E02CEC12292689CB00F3EA92 /* UITextFieldExtensions.swift in Sources */,
				D8486720293FE29D00F3D625 /* ImageViewController.swift in Sources */,
				E02CEBFC29266C4300F3EA92 /* AppDelegate.swift in Sources */,
				E02CEBFE29266C4300F3EA92 /* SceneDelegate.swift in Sources */,
				D837E45A293FCF51007F38C3 /* ItemCollectionViewCell.swift in Sources */,
			);
			runOnlyForDeploymentPostprocessing = 0;
		};
/* End PBXSourcesBuildPhase section */

/* Begin PBXVariantGroup section */
		E02CEC0129266C4300F3EA92 /* Main.storyboard */ = {
			isa = PBXVariantGroup;
			children = (
				E02CEC0229266C4300F3EA92 /* Base */,
			);
			name = Main.storyboard;
			sourceTree = "<group>";
		};
		E02CEC0629266C4500F3EA92 /* LaunchScreen.storyboard */ = {
			isa = PBXVariantGroup;
			children = (
				E02CEC0729266C4500F3EA92 /* Base */,
			);
			name = LaunchScreen.storyboard;
			sourceTree = "<group>";
		};
/* End PBXVariantGroup section */

/* Begin XCBuildConfiguration section */
		E02CEC0A29266C4500F3EA92 /* Debug */ = {
			isa = XCBuildConfiguration;
			buildSettings = {
				ALWAYS_SEARCH_USER_PATHS = NO;
				CLANG_ANALYZER_NONNULL = YES;
				CLANG_ANALYZER_NUMBER_OBJECT_CONVERSION = YES_AGGRESSIVE;
				CLANG_CXX_LANGUAGE_STANDARD = "gnu++20";
				CLANG_ENABLE_MODULES = YES;
				CLANG_ENABLE_OBJC_ARC = YES;
				CLANG_ENABLE_OBJC_WEAK = YES;
				CLANG_WARN_BLOCK_CAPTURE_AUTORELEASING = YES;
				CLANG_WARN_BOOL_CONVERSION = YES;
				CLANG_WARN_COMMA = YES;
				CLANG_WARN_CONSTANT_CONVERSION = YES;
				CLANG_WARN_DEPRECATED_OBJC_IMPLEMENTATIONS = YES;
				CLANG_WARN_DIRECT_OBJC_ISA_USAGE = YES_ERROR;
				CLANG_WARN_DOCUMENTATION_COMMENTS = YES;
				CLANG_WARN_EMPTY_BODY = YES;
				CLANG_WARN_ENUM_CONVERSION = YES;
				CLANG_WARN_INFINITE_RECURSION = YES;
				CLANG_WARN_INT_CONVERSION = YES;
				CLANG_WARN_NON_LITERAL_NULL_CONVERSION = YES;
				CLANG_WARN_OBJC_IMPLICIT_RETAIN_SELF = YES;
				CLANG_WARN_OBJC_LITERAL_CONVERSION = YES;
				CLANG_WARN_OBJC_ROOT_CLASS = YES_ERROR;
				CLANG_WARN_QUOTED_INCLUDE_IN_FRAMEWORK_HEADER = YES;
				CLANG_WARN_RANGE_LOOP_ANALYSIS = YES;
				CLANG_WARN_STRICT_PROTOTYPES = YES;
				CLANG_WARN_SUSPICIOUS_MOVE = YES;
				CLANG_WARN_UNGUARDED_AVAILABILITY = YES_AGGRESSIVE;
				CLANG_WARN_UNREACHABLE_CODE = YES;
				CLANG_WARN__DUPLICATE_METHOD_MATCH = YES;
				COPY_PHASE_STRIP = NO;
				DEBUG_INFORMATION_FORMAT = dwarf;
				ENABLE_STRICT_OBJC_MSGSEND = YES;
				ENABLE_TESTABILITY = YES;
				GCC_C_LANGUAGE_STANDARD = gnu11;
				GCC_DYNAMIC_NO_PIC = NO;
				GCC_NO_COMMON_BLOCKS = YES;
				GCC_OPTIMIZATION_LEVEL = 0;
				GCC_PREPROCESSOR_DEFINITIONS = (
					"DEBUG=1",
					"$(inherited)",
				);
				GCC_WARN_64_TO_32_BIT_CONVERSION = YES;
				GCC_WARN_ABOUT_RETURN_TYPE = YES_ERROR;
				GCC_WARN_UNDECLARED_SELECTOR = YES;
				GCC_WARN_UNINITIALIZED_AUTOS = YES_AGGRESSIVE;
				GCC_WARN_UNUSED_FUNCTION = YES;
				GCC_WARN_UNUSED_VARIABLE = YES;
				IPHONEOS_DEPLOYMENT_TARGET = 16.1;
				MTL_ENABLE_DEBUG_INFO = INCLUDE_SOURCE;
				MTL_FAST_MATH = YES;
				ONLY_ACTIVE_ARCH = YES;
				SDKROOT = iphoneos;
				SWIFT_ACTIVE_COMPILATION_CONDITIONS = DEBUG;
				SWIFT_OPTIMIZATION_LEVEL = "-Onone";
			};
			name = Debug;
		};
		E02CEC0B29266C4500F3EA92 /* Release */ = {
			isa = XCBuildConfiguration;
			buildSettings = {
				ALWAYS_SEARCH_USER_PATHS = NO;
				CLANG_ANALYZER_NONNULL = YES;
				CLANG_ANALYZER_NUMBER_OBJECT_CONVERSION = YES_AGGRESSIVE;
				CLANG_CXX_LANGUAGE_STANDARD = "gnu++20";
				CLANG_ENABLE_MODULES = YES;
				CLANG_ENABLE_OBJC_ARC = YES;
				CLANG_ENABLE_OBJC_WEAK = YES;
				CLANG_WARN_BLOCK_CAPTURE_AUTORELEASING = YES;
				CLANG_WARN_BOOL_CONVERSION = YES;
				CLANG_WARN_COMMA = YES;
				CLANG_WARN_CONSTANT_CONVERSION = YES;
				CLANG_WARN_DEPRECATED_OBJC_IMPLEMENTATIONS = YES;
				CLANG_WARN_DIRECT_OBJC_ISA_USAGE = YES_ERROR;
				CLANG_WARN_DOCUMENTATION_COMMENTS = YES;
				CLANG_WARN_EMPTY_BODY = YES;
				CLANG_WARN_ENUM_CONVERSION = YES;
				CLANG_WARN_INFINITE_RECURSION = YES;
				CLANG_WARN_INT_CONVERSION = YES;
				CLANG_WARN_NON_LITERAL_NULL_CONVERSION = YES;
				CLANG_WARN_OBJC_IMPLICIT_RETAIN_SELF = YES;
				CLANG_WARN_OBJC_LITERAL_CONVERSION = YES;
				CLANG_WARN_OBJC_ROOT_CLASS = YES_ERROR;
				CLANG_WARN_QUOTED_INCLUDE_IN_FRAMEWORK_HEADER = YES;
				CLANG_WARN_RANGE_LOOP_ANALYSIS = YES;
				CLANG_WARN_STRICT_PROTOTYPES = YES;
				CLANG_WARN_SUSPICIOUS_MOVE = YES;
				CLANG_WARN_UNGUARDED_AVAILABILITY = YES_AGGRESSIVE;
				CLANG_WARN_UNREACHABLE_CODE = YES;
				CLANG_WARN__DUPLICATE_METHOD_MATCH = YES;
				COPY_PHASE_STRIP = NO;
				DEBUG_INFORMATION_FORMAT = "dwarf-with-dsym";
				ENABLE_NS_ASSERTIONS = NO;
				ENABLE_STRICT_OBJC_MSGSEND = YES;
				GCC_C_LANGUAGE_STANDARD = gnu11;
				GCC_NO_COMMON_BLOCKS = YES;
				GCC_WARN_64_TO_32_BIT_CONVERSION = YES;
				GCC_WARN_ABOUT_RETURN_TYPE = YES_ERROR;
				GCC_WARN_UNDECLARED_SELECTOR = YES;
				GCC_WARN_UNINITIALIZED_AUTOS = YES_AGGRESSIVE;
				GCC_WARN_UNUSED_FUNCTION = YES;
				GCC_WARN_UNUSED_VARIABLE = YES;
				IPHONEOS_DEPLOYMENT_TARGET = 16.1;
				MTL_ENABLE_DEBUG_INFO = NO;
				MTL_FAST_MATH = YES;
				SDKROOT = iphoneos;
				SWIFT_COMPILATION_MODE = wholemodule;
				SWIFT_OPTIMIZATION_LEVEL = "-O";
				VALIDATE_PRODUCT = YES;
			};
			name = Release;
		};
		E02CEC0D29266C4500F3EA92 /* Debug */ = {
			isa = XCBuildConfiguration;
			buildSettings = {
				ASSETCATALOG_COMPILER_APPICON_NAME = AppIcon;
				ASSETCATALOG_COMPILER_GLOBAL_ACCENT_COLOR_NAME = AccentColor;
				CODE_SIGN_STYLE = Automatic;
				CURRENT_PROJECT_VERSION = 1;
				DEVELOPMENT_TEAM = QUYZ9F84QS;
				GENERATE_INFOPLIST_FILE = YES;
				INFOPLIST_FILE = photoPicker/Info.plist;
				INFOPLIST_KEY_UIApplicationSupportsIndirectInputEvents = YES;
				INFOPLIST_KEY_UILaunchStoryboardName = LaunchScreen;
				INFOPLIST_KEY_UIMainStoryboardFile = Main;
				INFOPLIST_KEY_UISupportedInterfaceOrientations_iPad = "UIInterfaceOrientationPortrait UIInterfaceOrientationPortraitUpsideDown UIInterfaceOrientationLandscapeLeft UIInterfaceOrientationLandscapeRight";
				INFOPLIST_KEY_UISupportedInterfaceOrientations_iPhone = "UIInterfaceOrientationPortrait UIInterfaceOrientationLandscapeLeft UIInterfaceOrientationLandscapeRight";
				LD_RUNPATH_SEARCH_PATHS = (
					"$(inherited)",
					"@executable_path/Frameworks",
				);
				MARKETING_VERSION = 1.0;
				PRODUCT_BUNDLE_IDENTIFIER = home.photoPicker;
				PRODUCT_NAME = "$(TARGET_NAME)";
				SWIFT_EMIT_LOC_STRINGS = YES;
				SWIFT_VERSION = 5.0;
				TARGETED_DEVICE_FAMILY = "1,2";
			};
			name = Debug;
		};
		E02CEC0E29266C4500F3EA92 /* Release */ = {
			isa = XCBuildConfiguration;
			buildSettings = {
				ASSETCATALOG_COMPILER_APPICON_NAME = AppIcon;
				ASSETCATALOG_COMPILER_GLOBAL_ACCENT_COLOR_NAME = AccentColor;
				CODE_SIGN_STYLE = Automatic;
				CURRENT_PROJECT_VERSION = 1;
				DEVELOPMENT_TEAM = QUYZ9F84QS;
				GENERATE_INFOPLIST_FILE = YES;
				INFOPLIST_FILE = photoPicker/Info.plist;
				INFOPLIST_KEY_UIApplicationSupportsIndirectInputEvents = YES;
				INFOPLIST_KEY_UILaunchStoryboardName = LaunchScreen;
				INFOPLIST_KEY_UIMainStoryboardFile = Main;
				INFOPLIST_KEY_UISupportedInterfaceOrientations_iPad = "UIInterfaceOrientationPortrait UIInterfaceOrientationPortraitUpsideDown UIInterfaceOrientationLandscapeLeft UIInterfaceOrientationLandscapeRight";
				INFOPLIST_KEY_UISupportedInterfaceOrientations_iPhone = "UIInterfaceOrientationPortrait UIInterfaceOrientationLandscapeLeft UIInterfaceOrientationLandscapeRight";
				LD_RUNPATH_SEARCH_PATHS = (
					"$(inherited)",
					"@executable_path/Frameworks",
				);
				MARKETING_VERSION = 1.0;
				PRODUCT_BUNDLE_IDENTIFIER = home.photoPicker;
				PRODUCT_NAME = "$(TARGET_NAME)";
				SWIFT_EMIT_LOC_STRINGS = YES;
				SWIFT_VERSION = 5.0;
				TARGETED_DEVICE_FAMILY = "1,2";
			};
			name = Release;
		};
/* End XCBuildConfiguration section */

/* Begin XCConfigurationList section */
		E02CEBF329266C4300F3EA92 /* Build configuration list for PBXProject "photoPicker" */ = {
			isa = XCConfigurationList;
			buildConfigurations = (
				E02CEC0A29266C4500F3EA92 /* Debug */,
				E02CEC0B29266C4500F3EA92 /* Release */,
			);
			defaultConfigurationIsVisible = 0;
			defaultConfigurationName = Release;
		};
		E02CEC0C29266C4500F3EA92 /* Build configuration list for PBXNativeTarget "photoPicker" */ = {
			isa = XCConfigurationList;
			buildConfigurations = (
				E02CEC0D29266C4500F3EA92 /* Debug */,
				E02CEC0E29266C4500F3EA92 /* Release */,
			);
			defaultConfigurationIsVisible = 0;
			defaultConfigurationName = Release;
		};
/* End XCConfigurationList section */
	};
	rootObject = E02CEBF029266C4300F3EA92 /* Project object */;
}
